
Microsoft Visual Studio Solution File, Format Version 12.00
# Visual Studio Version 17
VisualStudioVersion = 17.5.002.0
MinimumVisualStudioVersion = 10.0.40219.1
Project("{9A19103F-16F7-4668-BE54-9A1E7A4F7556}") = "xuanqi", "xuanqi.csproj", "{9653E657-BDA1-43A6-BC28-ACC16D4B0FC3}"
EndProject
Global
	GlobalSection(SolutionConfigurationPlatforms) = preSolution
		Debug|Any CPU = Debug|Any CPU
		Release|Any CPU = Release|Any CPU
	EndGlobalSection
	GlobalSection(ProjectConfigurationPlatforms) = postSolution
		{9653E657-BDA1-43A6-BC28-ACC16D4B0FC3}.Debug|Any CPU.ActiveCfg = Debug|Any CPU
		{9653E657-BDA1-43A6-BC28-ACC16D4B0FC3}.Debug|Any CPU.Build.0 = Debug|Any CPU
		{9653E657-BDA1-43A6-BC28-ACC16D4B0FC3}.Release|Any CPU.ActiveCfg = Release|Any CPU
		{9653E657-BDA1-43A6-BC28-ACC16D4B0FC3}.Release|Any CPU.Build.0 = Release|Any CPU
	EndGlobalSection
	GlobalSection(SolutionProperties) = preSolution
		HideSolutionNode = FALSE
	EndGlobalSection
	GlobalSection(ExtensibilityGlobals) = postSolution
		SolutionGuid = {D511614E-3AB7-4BBC-B278-F37FB2A6A54D}
	EndGlobalSection
EndGlobal
